// !$*UTF8*$!
{
	archiveVersion = 1;
	classes = {
	};
	objectVersion = 56;
	objects = {

/* Begin PBXBuildFile section */
		5F351FD12BDA691C002C5FB3 /* InABlinkApp.swift in Sources */ = {isa = PBXBuildFile; fileRef = 5F351FD02BDA691C002C5FB3 /* InABlinkApp.swift */; };
		5F351FD32BDA691C002C5FB3 /* LandingView.swift in Sources */ = {isa = PBXBuildFile; fileRef = 5F351FD22BDA691C002C5FB3 /* LandingView.swift */; };
		5F351FD52BDA691D002C5FB3 /* Assets.xcassets in Resources */ = {isa = PBXBuildFile; fileRef = 5F351FD42BDA691D002C5FB3 /* Assets.xcassets */; };
		5F351FD82BDA691D002C5FB3 /* Preview Assets.xcassets in Resources */ = {isa = PBXBuildFile; fileRef = 5F351FD72BDA691D002C5FB3 /* Preview Assets.xcassets */; };
		5F351FE82BDA9DC6002C5FB3 /* CGExtension.swift in Sources */ = {isa = PBXBuildFile; fileRef = 5F351FE72BDA9DC6002C5FB3 /* CGExtension.swift */; };
		5F351FF02BDB799D002C5FB3 /* EyeBlinkDetection.swift in Sources */ = {isa = PBXBuildFile; fileRef = 5F351FEF2BDB799D002C5FB3 /* EyeBlinkDetection.swift */; };
		5F351FF22BDB88E2002C5FB3 /* GameView.swift in Sources */ = {isa = PBXBuildFile; fileRef = 5F351FF12BDB88E2002C5FB3 /* GameView.swift */; };
		5F616B562BDDFF6A00E140D3 /* ColorGrid.swift in Sources */ = {isa = PBXBuildFile; fileRef = 5F616B552BDDFF6A00E140D3 /* ColorGrid.swift */; };
		5F616B5A2BDE198300E140D3 /* MathQuiz.swift in Sources */ = {isa = PBXBuildFile; fileRef = 5F616B592BDE198300E140D3 /* MathQuiz.swift */; };
		5F616B5C2BDE458200E140D3 /* Tile.swift in Sources */ = {isa = PBXBuildFile; fileRef = 5F616B5B2BDE458200E140D3 /* Tile.swift */; };
		5F7E711D2BE224EB00FBAFE5 /* SoundPlayer.swift in Sources */ = {isa = PBXBuildFile; fileRef = 5F7E711C2BE224EB00FBAFE5 /* SoundPlayer.swift */; };
		5F7E711F2BE229E200FBAFE5 /* Timer.wav in Resources */ = {isa = PBXBuildFile; fileRef = 5F7E711E2BE229E200FBAFE5 /* Timer.wav */; };
		5F7E71222BE22E1E00FBAFE5 /* Alarm.wav in Resources */ = {isa = PBXBuildFile; fileRef = 5F7E71212BE22E1E00FBAFE5 /* Alarm.wav */; };
		5F7E71272BE2304500FBAFE5 /* Button4.mp3 in Resources */ = {isa = PBXBuildFile; fileRef = 5F7E71232BE2304500FBAFE5 /* Button4.mp3 */; };
		5F7E71282BE2304500FBAFE5 /* Button2.mp3 in Resources */ = {isa = PBXBuildFile; fileRef = 5F7E71242BE2304500FBAFE5 /* Button2.mp3 */; };
		5F7E71292BE2304500FBAFE5 /* Button1.mp3 in Resources */ = {isa = PBXBuildFile; fileRef = 5F7E71252BE2304500FBAFE5 /* Button1.mp3 */; };
		5F7E712A2BE2304500FBAFE5 /* Button3.mp3 in Resources */ = {isa = PBXBuildFile; fileRef = 5F7E71262BE2304500FBAFE5 /* Button3.mp3 */; };
		5F7E71322BE2369400FBAFE5 /* Falling.mp3 in Resources */ = {isa = PBXBuildFile; fileRef = 5F7E71312BE2369400FBAFE5 /* Falling.mp3 */; };
		5FEA4F3E2BDF8D8200D03973 /* PulsingCircle.swift in Sources */ = {isa = PBXBuildFile; fileRef = 5FEA4F3D2BDF8D8200D03973 /* PulsingCircle.swift */; };
		5FEA4F402BDFF87C00D03973 /* TimesUp.swift in Sources */ = {isa = PBXBuildFile; fileRef = 5FEA4F3F2BDFF87C00D03973 /* TimesUp.swift */; };
		5FEA4F422BDFFCB800D03973 /* SpaceGrotesk-Bold.ttf in Resources */ = {isa = PBXBuildFile; fileRef = 5FEA4F412BDFFCB800D03973 /* SpaceGrotesk-Bold.ttf */; };
		5FEA4F462BDFFDDE00D03973 /* Fonts.swift in Sources */ = {isa = PBXBuildFile; fileRef = 5FEA4F452BDFFDDE00D03973 /* Fonts.swift */; };
		5FEA4F482BE0AA0200D03973 /* Particle.swift in Sources */ = {isa = PBXBuildFile; fileRef = 5FEA4F472BE0AA0100D03973 /* Particle.swift */; };
		5FEA4F4A2BE0D38800D03973 /* MenuView.swift in Sources */ = {isa = PBXBuildFile; fileRef = 5FEA4F492BE0D38800D03973 /* MenuView.swift */; };
		814933082BE0449200B5D260 /* SplashScreen.swift in Sources */ = {isa = PBXBuildFile; fileRef = 814933072BE0449200B5D260 /* SplashScreen.swift */; };
		9C73FC882BE2170B001FBDD6 /* MathPuzzle.swift in Sources */ = {isa = PBXBuildFile; fileRef = 9C73FC872BE2170B001FBDD6 /* MathPuzzle.swift */; };
		9C73FC8A2BE217E7001FBDD6 /* AnswerTile.swift in Sources */ = {isa = PBXBuildFile; fileRef = 9C73FC892BE217E7001FBDD6 /* AnswerTile.swift */; };
		9C73FC922BE31AAB001FBDD6 /* LeaderBoard.swift in Sources */ = {isa = PBXBuildFile; fileRef = 9C73FC912BE31AAB001FBDD6 /* LeaderBoard.swift */; };
/* End PBXBuildFile section */

/* Begin PBXFileReference section */
		5F351FCD2BDA691C002C5FB3 /* InABlink.app */ = {isa = PBXFileReference; explicitFileType = wrapper.application; includeInIndex = 0; path = InABlink.app; sourceTree = BUILT_PRODUCTS_DIR; };
		5F351FD02BDA691C002C5FB3 /* InABlinkApp.swift */ = {isa = PBXFileReference; lastKnownFileType = sourcecode.swift; path = InABlinkApp.swift; sourceTree = "<group>"; };
		5F351FD22BDA691C002C5FB3 /* LandingView.swift */ = {isa = PBXFileReference; lastKnownFileType = sourcecode.swift; path = LandingView.swift; sourceTree = "<group>"; };
		5F351FD42BDA691D002C5FB3 /* Assets.xcassets */ = {isa = PBXFileReference; lastKnownFileType = folder.assetcatalog; path = Assets.xcassets; sourceTree = "<group>"; };
		5F351FD72BDA691D002C5FB3 /* Preview Assets.xcassets */ = {isa = PBXFileReference; lastKnownFileType = folder.assetcatalog; path = "Preview Assets.xcassets"; sourceTree = "<group>"; };
		5F351FE72BDA9DC6002C5FB3 /* CGExtension.swift */ = {isa = PBXFileReference; lastKnownFileType = sourcecode.swift; path = CGExtension.swift; sourceTree = "<group>"; };
		5F351FEF2BDB799D002C5FB3 /* EyeBlinkDetection.swift */ = {isa = PBXFileReference; lastKnownFileType = sourcecode.swift; path = EyeBlinkDetection.swift; sourceTree = "<group>"; };
		5F351FF12BDB88E2002C5FB3 /* GameView.swift */ = {isa = PBXFileReference; lastKnownFileType = sourcecode.swift; path = GameView.swift; sourceTree = "<group>"; };
		5F616B552BDDFF6A00E140D3 /* ColorGrid.swift */ = {isa = PBXFileReference; lastKnownFileType = sourcecode.swift; path = ColorGrid.swift; sourceTree = "<group>"; };
		5F616B592BDE198300E140D3 /* MathQuiz.swift */ = {isa = PBXFileReference; lastKnownFileType = sourcecode.swift; path = MathQuiz.swift; sourceTree = "<group>"; };
		5F616B5B2BDE458200E140D3 /* Tile.swift */ = {isa = PBXFileReference; lastKnownFileType = sourcecode.swift; path = Tile.swift; sourceTree = "<group>"; };
		5F7E711C2BE224EB00FBAFE5 /* SoundPlayer.swift */ = {isa = PBXFileReference; lastKnownFileType = sourcecode.swift; path = SoundPlayer.swift; sourceTree = "<group>"; };
		5F7E711E2BE229E200FBAFE5 /* Timer.wav */ = {isa = PBXFileReference; lastKnownFileType = audio.wav; name = Timer.wav; path = InABlink/Sounds/Timer.wav; sourceTree = SOURCE_ROOT; };
		5F7E71212BE22E1E00FBAFE5 /* Alarm.wav */ = {isa = PBXFileReference; lastKnownFileType = audio.wav; path = Alarm.wav; sourceTree = "<group>"; };
		5F7E71232BE2304500FBAFE5 /* Button4.mp3 */ = {isa = PBXFileReference; lastKnownFileType = audio.mp3; path = Button4.mp3; sourceTree = "<group>"; };
		5F7E71242BE2304500FBAFE5 /* Button2.mp3 */ = {isa = PBXFileReference; lastKnownFileType = audio.mp3; path = Button2.mp3; sourceTree = "<group>"; };
		5F7E71252BE2304500FBAFE5 /* Button1.mp3 */ = {isa = PBXFileReference; lastKnownFileType = audio.mp3; path = Button1.mp3; sourceTree = "<group>"; };
		5F7E71262BE2304500FBAFE5 /* Button3.mp3 */ = {isa = PBXFileReference; lastKnownFileType = audio.mp3; path = Button3.mp3; sourceTree = "<group>"; };
		5F7E71312BE2369400FBAFE5 /* Falling.mp3 */ = {isa = PBXFileReference; lastKnownFileType = audio.mp3; path = Falling.mp3; sourceTree = "<group>"; };
		5FEA4F3D2BDF8D8200D03973 /* PulsingCircle.swift */ = {isa = PBXFileReference; lastKnownFileType = sourcecode.swift; path = PulsingCircle.swift; sourceTree = "<group>"; };
		5FEA4F3F2BDFF87C00D03973 /* TimesUp.swift */ = {isa = PBXFileReference; lastKnownFileType = sourcecode.swift; path = TimesUp.swift; sourceTree = "<group>"; };
		5FEA4F412BDFFCB800D03973 /* SpaceGrotesk-Bold.ttf */ = {isa = PBXFileReference; lastKnownFileType = file; path = "SpaceGrotesk-Bold.ttf"; sourceTree = "<group>"; };
		5FEA4F442BDFFD2300D03973 /* Info.plist */ = {isa = PBXFileReference; lastKnownFileType = text.plist; path = Info.plist; sourceTree = "<group>"; };
		5FEA4F452BDFFDDE00D03973 /* Fonts.swift */ = {isa = PBXFileReference; lastKnownFileType = sourcecode.swift; path = Fonts.swift; sourceTree = "<group>"; };
		5FEA4F472BE0AA0100D03973 /* Particle.swift */ = {isa = PBXFileReference; lastKnownFileType = sourcecode.swift; path = Particle.swift; sourceTree = "<group>"; };
		5FEA4F492BE0D38800D03973 /* MenuView.swift */ = {isa = PBXFileReference; lastKnownFileType = sourcecode.swift; path = MenuView.swift; sourceTree = "<group>"; };
		814933072BE0449200B5D260 /* SplashScreen.swift */ = {isa = PBXFileReference; lastKnownFileType = sourcecode.swift; path = SplashScreen.swift; sourceTree = "<group>"; };
		9C73FC872BE2170B001FBDD6 /* MathPuzzle.swift */ = {isa = PBXFileReference; lastKnownFileType = sourcecode.swift; path = MathPuzzle.swift; sourceTree = "<group>"; };
		9C73FC892BE217E7001FBDD6 /* AnswerTile.swift */ = {isa = PBXFileReference; lastKnownFileType = sourcecode.swift; path = AnswerTile.swift; sourceTree = "<group>"; };
		9C73FC912BE31AAB001FBDD6 /* LeaderBoard.swift */ = {isa = PBXFileReference; lastKnownFileType = sourcecode.swift; path = LeaderBoard.swift; sourceTree = "<group>"; };
/* End PBXFileReference section */

/* Begin PBXFrameworksBuildPhase section */
		5F351FCA2BDA691C002C5FB3 /* Frameworks */ = {
			isa = PBXFrameworksBuildPhase;
			buildActionMask = 2147483647;
			files = (
			);
			runOnlyForDeploymentPostprocessing = 0;
		};
/* End PBXFrameworksBuildPhase section */

/* Begin PBXGroup section */
		5F351FC42BDA691C002C5FB3 = {
			isa = PBXGroup;
			children = (
				5F351FCF2BDA691C002C5FB3 /* InABlink */,
				5F351FCE2BDA691C002C5FB3 /* Products */,
			);
			sourceTree = "<group>";
		};
		5F351FCE2BDA691C002C5FB3 /* Products */ = {
			isa = PBXGroup;
			children = (
				5F351FCD2BDA691C002C5FB3 /* InABlink.app */,
			);
			name = Products;
			sourceTree = "<group>";
		};
		5F351FCF2BDA691C002C5FB3 /* InABlink */ = {
			isa = PBXGroup;
			children = (
				5F7E71202BE22A1300FBAFE5 /* Sounds */,
				5FEA4F442BDFFD2300D03973 /* Info.plist */,
				5FEA4F432BDFFCC200D03973 /* Fonts */,
				5F351FD02BDA691C002C5FB3 /* InABlinkApp.swift */,
				5F351FF42BDB88F8002C5FB3 /* Components */,
				5F351FF32BDB88EB002C5FB3 /* Views */,
				5F351FE12BDA9D88002C5FB3 /* BlinkDetection */,
				5F351FD42BDA691D002C5FB3 /* Assets.xcassets */,
				5F351FD62BDA691D002C5FB3 /* Preview Content */,
			);
			path = InABlink;
			sourceTree = "<group>";
		};
		5F351FD62BDA691D002C5FB3 /* Preview Content */ = {
			isa = PBXGroup;
			children = (
				5F351FD72BDA691D002C5FB3 /* Preview Assets.xcassets */,
			);
			path = "Preview Content";
			sourceTree = "<group>";
		};
		5F351FE12BDA9D88002C5FB3 /* BlinkDetection */ = {
			isa = PBXGroup;
			children = (
				5F351FE62BDA9DBF002C5FB3 /* Extension */,
				5F351FEF2BDB799D002C5FB3 /* EyeBlinkDetection.swift */,
			);
			path = BlinkDetection;
			sourceTree = "<group>";
		};
		5F351FE62BDA9DBF002C5FB3 /* Extension */ = {
			isa = PBXGroup;
			children = (
				5F351FE72BDA9DC6002C5FB3 /* CGExtension.swift */,
			);
			path = Extension;
			sourceTree = "<group>";
		};
		5F351FF32BDB88EB002C5FB3 /* Views */ = {
			isa = PBXGroup;
			children = (
				5F351FD22BDA691C002C5FB3 /* LandingView.swift */,
				5F351FF12BDB88E2002C5FB3 /* GameView.swift */,
				814933072BE0449200B5D260 /* SplashScreen.swift */,
				5FEA4F492BE0D38800D03973 /* MenuView.swift */,
			);
			path = Views;
			sourceTree = "<group>";
		};
		5F351FF42BDB88F8002C5FB3 /* Components */ = {
			isa = PBXGroup;
			children = (
				5F616B552BDDFF6A00E140D3 /* ColorGrid.swift */,
				5F616B592BDE198300E140D3 /* MathQuiz.swift */,
				5F616B5B2BDE458200E140D3 /* Tile.swift */,
				5FEA4F3D2BDF8D8200D03973 /* PulsingCircle.swift */,
				5FEA4F3F2BDFF87C00D03973 /* TimesUp.swift */,
				5FEA4F472BE0AA0100D03973 /* Particle.swift */,
				9C73FC872BE2170B001FBDD6 /* MathPuzzle.swift */,
				9C73FC892BE217E7001FBDD6 /* AnswerTile.swift */,
				5F7E711C2BE224EB00FBAFE5 /* SoundPlayer.swift */,
				9C73FC912BE31AAB001FBDD6 /* LeaderBoard.swift */,
			);
			path = Components;
			sourceTree = "<group>";
		};
		5F7E71202BE22A1300FBAFE5 /* Sounds */ = {
			isa = PBXGroup;
			children = (
				5F7E71252BE2304500FBAFE5 /* Button1.mp3 */,
				5F7E71242BE2304500FBAFE5 /* Button2.mp3 */,
				5F7E71262BE2304500FBAFE5 /* Button3.mp3 */,
				5F7E71232BE2304500FBAFE5 /* Button4.mp3 */,
				5F7E71212BE22E1E00FBAFE5 /* Alarm.wav */,
				5F7E71312BE2369400FBAFE5 /* Falling.mp3 */,
				5F7E711E2BE229E200FBAFE5 /* Timer.wav */,
			);
			path = Sounds;
			sourceTree = "<group>";
		};
		5FEA4F432BDFFCC200D03973 /* Fonts */ = {
			isa = PBXGroup;
			children = (
				5FEA4F412BDFFCB800D03973 /* SpaceGrotesk-Bold.ttf */,
				5FEA4F452BDFFDDE00D03973 /* Fonts.swift */,
			);
			path = Fonts;
			sourceTree = "<group>";
		};
/* End PBXGroup section */

/* Begin PBXNativeTarget section */
		5F351FCC2BDA691C002C5FB3 /* InABlink */ = {
			isa = PBXNativeTarget;
			buildConfigurationList = 5F351FDB2BDA691D002C5FB3 /* Build configuration list for PBXNativeTarget "InABlink" */;
			buildPhases = (
				5F351FC92BDA691C002C5FB3 /* Sources */,
				5F351FCA2BDA691C002C5FB3 /* Frameworks */,
				5F351FCB2BDA691C002C5FB3 /* Resources */,
			);
			buildRules = (
			);
			dependencies = (
			);
			name = InABlink;
			productName = GestureTest;
			productReference = 5F351FCD2BDA691C002C5FB3 /* InABlink.app */;
			productType = "com.apple.product-type.application";
		};
/* End PBXNativeTarget section */

/* Begin PBXProject section */
		5F351FC52BDA691C002C5FB3 /* Project object */ = {
			isa = PBXProject;
			attributes = {
				BuildIndependentTargetsInParallel = 1;
				LastSwiftUpdateCheck = 1520;
				LastUpgradeCheck = 1520;
				TargetAttributes = {
					5F351FCC2BDA691C002C5FB3 = {
						CreatedOnToolsVersion = 15.2;
					};
				};
			};
			buildConfigurationList = 5F351FC82BDA691C002C5FB3 /* Build configuration list for PBXProject "InABlink" */;
			compatibilityVersion = "Xcode 14.0";
			developmentRegion = en;
			hasScannedForEncodings = 0;
			knownRegions = (
				en,
				Base,
			);
			mainGroup = 5F351FC42BDA691C002C5FB3;
			productRefGroup = 5F351FCE2BDA691C002C5FB3 /* Products */;
			projectDirPath = "";
			projectRoot = "";
			targets = (
				5F351FCC2BDA691C002C5FB3 /* InABlink */,
			);
		};
/* End PBXProject section */

/* Begin PBXResourcesBuildPhase section */
		5F351FCB2BDA691C002C5FB3 /* Resources */ = {
			isa = PBXResourcesBuildPhase;
			buildActionMask = 2147483647;
			files = (
				5FEA4F422BDFFCB800D03973 /* SpaceGrotesk-Bold.ttf in Resources */,
				5F7E712A2BE2304500FBAFE5 /* Button3.mp3 in Resources */,
				5F7E71272BE2304500FBAFE5 /* Button4.mp3 in Resources */,
				5F351FD82BDA691D002C5FB3 /* Preview Assets.xcassets in Resources */,
				5F7E71222BE22E1E00FBAFE5 /* Alarm.wav in Resources */,
				5F7E71282BE2304500FBAFE5 /* Button2.mp3 in Resources */,
				5F7E711F2BE229E200FBAFE5 /* Timer.wav in Resources */,
				5F7E71292BE2304500FBAFE5 /* Button1.mp3 in Resources */,
				5F351FD52BDA691D002C5FB3 /* Assets.xcassets in Resources */,
				5F7E71322BE2369400FBAFE5 /* Falling.mp3 in Resources */,
			);
			runOnlyForDeploymentPostprocessing = 0;
		};
/* End PBXResourcesBuildPhase section */

/* Begin PBXSourcesBuildPhase section */
		5F351FC92BDA691C002C5FB3 /* Sources */ = {
			isa = PBXSourcesBuildPhase;
			buildActionMask = 2147483647;
			files = (
				814933082BE0449200B5D260 /* SplashScreen.swift in Sources */,
				5F351FD32BDA691C002C5FB3 /* LandingView.swift in Sources */,
				5FEA4F482BE0AA0200D03973 /* Particle.swift in Sources */,
				5F351FF02BDB799D002C5FB3 /* EyeBlinkDetection.swift in Sources */,
				5F351FD12BDA691C002C5FB3 /* InABlinkApp.swift in Sources */,
				5F616B5C2BDE458200E140D3 /* Tile.swift in Sources */,
				5F616B562BDDFF6A00E140D3 /* ColorGrid.swift in Sources */,
				5FEA4F4A2BE0D38800D03973 /* MenuView.swift in Sources */,
				5FEA4F3E2BDF8D8200D03973 /* PulsingCircle.swift in Sources */,
				9C73FC8A2BE217E7001FBDD6 /* AnswerTile.swift in Sources */,
				5F351FE82BDA9DC6002C5FB3 /* CGExtension.swift in Sources */,
				5F7E711D2BE224EB00FBAFE5 /* SoundPlayer.swift in Sources */,
				5F616B5A2BDE198300E140D3 /* MathQuiz.swift in Sources */,
				9C73FC922BE31AAB001FBDD6 /* LeaderBoard.swift in Sources */,
				9C73FC882BE2170B001FBDD6 /* MathPuzzle.swift in Sources */,
				5FEA4F462BDFFDDE00D03973 /* Fonts.swift in Sources */,
				5F351FF22BDB88E2002C5FB3 /* GameView.swift in Sources */,
				5FEA4F402BDFF87C00D03973 /* TimesUp.swift in Sources */,
			);
			runOnlyForDeploymentPostprocessing = 0;
		};
/* End PBXSourcesBuildPhase section */

/* Begin XCBuildConfiguration section */
		5F351FD92BDA691D002C5FB3 /* Debug */ = {
			isa = XCBuildConfiguration;
			buildSettings = {
				ALWAYS_SEARCH_USER_PATHS = NO;
				ASSETCATALOG_COMPILER_GENERATE_SWIFT_ASSET_SYMBOL_EXTENSIONS = YES;
				CLANG_ANALYZER_NONNULL = YES;
				CLANG_ANALYZER_NUMBER_OBJECT_CONVERSION = YES_AGGRESSIVE;
				CLANG_CXX_LANGUAGE_STANDARD = "gnu++20";
				CLANG_ENABLE_MODULES = YES;
				CLANG_ENABLE_OBJC_ARC = YES;
				CLANG_ENABLE_OBJC_WEAK = YES;
				CLANG_WARN_BLOCK_CAPTURE_AUTORELEASING = YES;
				CLANG_WARN_BOOL_CONVERSION = YES;
				CLANG_WARN_COMMA = YES;
				CLANG_WARN_CONSTANT_CONVERSION = YES;
				CLANG_WARN_DEPRECATED_OBJC_IMPLEMENTATIONS = YES;
				CLANG_WARN_DIRECT_OBJC_ISA_USAGE = YES_ERROR;
				CLANG_WARN_DOCUMENTATION_COMMENTS = YES;
				CLANG_WARN_EMPTY_BODY = YES;
				CLANG_WARN_ENUM_CONVERSION = YES;
				CLANG_WARN_INFINITE_RECURSION = YES;
				CLANG_WARN_INT_CONVERSION = YES;
				CLANG_WARN_NON_LITERAL_NULL_CONVERSION = YES;
				CLANG_WARN_OBJC_IMPLICIT_RETAIN_SELF = YES;
				CLANG_WARN_OBJC_LITERAL_CONVERSION = YES;
				CLANG_WARN_OBJC_ROOT_CLASS = YES_ERROR;
				CLANG_WARN_QUOTED_INCLUDE_IN_FRAMEWORK_HEADER = YES;
				CLANG_WARN_RANGE_LOOP_ANALYSIS = YES;
				CLANG_WARN_STRICT_PROTOTYPES = YES;
				CLANG_WARN_SUSPICIOUS_MOVE = YES;
				CLANG_WARN_UNGUARDED_AVAILABILITY = YES_AGGRESSIVE;
				CLANG_WARN_UNREACHABLE_CODE = YES;
				CLANG_WARN__DUPLICATE_METHOD_MATCH = YES;
				COPY_PHASE_STRIP = NO;
				DEBUG_INFORMATION_FORMAT = dwarf;
				ENABLE_STRICT_OBJC_MSGSEND = YES;
				ENABLE_TESTABILITY = YES;
				ENABLE_USER_SCRIPT_SANDBOXING = YES;
				GCC_C_LANGUAGE_STANDARD = gnu17;
				GCC_DYNAMIC_NO_PIC = NO;
				GCC_NO_COMMON_BLOCKS = YES;
				GCC_OPTIMIZATION_LEVEL = 0;
				GCC_PREPROCESSOR_DEFINITIONS = (
					"DEBUG=1",
					"$(inherited)",
				);
				GCC_WARN_64_TO_32_BIT_CONVERSION = YES;
				GCC_WARN_ABOUT_RETURN_TYPE = YES_ERROR;
				GCC_WARN_UNDECLARED_SELECTOR = YES;
				GCC_WARN_UNINITIALIZED_AUTOS = YES_AGGRESSIVE;
				GCC_WARN_UNUSED_FUNCTION = YES;
				GCC_WARN_UNUSED_VARIABLE = YES;
				IPHONEOS_DEPLOYMENT_TARGET = 17.0;
				LOCALIZATION_PREFERS_STRING_CATALOGS = YES;
				MTL_ENABLE_DEBUG_INFO = INCLUDE_SOURCE;
				MTL_FAST_MATH = YES;
				ONLY_ACTIVE_ARCH = YES;
				SDKROOT = iphoneos;
				SWIFT_ACTIVE_COMPILATION_CONDITIONS = "DEBUG $(inherited)";
				SWIFT_OPTIMIZATION_LEVEL = "-Onone";
			};
			name = Debug;
		};
		5F351FDA2BDA691D002C5FB3 /* Release */ = {
			isa = XCBuildConfiguration;
			buildSettings = {
				ALWAYS_SEARCH_USER_PATHS = NO;
				ASSETCATALOG_COMPILER_GENERATE_SWIFT_ASSET_SYMBOL_EXTENSIONS = YES;
				CLANG_ANALYZER_NONNULL = YES;
				CLANG_ANALYZER_NUMBER_OBJECT_CONVERSION = YES_AGGRESSIVE;
				CLANG_CXX_LANGUAGE_STANDARD = "gnu++20";
				CLANG_ENABLE_MODULES = YES;
				CLANG_ENABLE_OBJC_ARC = YES;
				CLANG_ENABLE_OBJC_WEAK = YES;
				CLANG_WARN_BLOCK_CAPTURE_AUTORELEASING = YES;
				CLANG_WARN_BOOL_CONVERSION = YES;
				CLANG_WARN_COMMA = YES;
				CLANG_WARN_CONSTANT_CONVERSION = YES;
				CLANG_WARN_DEPRECATED_OBJC_IMPLEMENTATIONS = YES;
				CLANG_WARN_DIRECT_OBJC_ISA_USAGE = YES_ERROR;
				CLANG_WARN_DOCUMENTATION_COMMENTS = YES;
				CLANG_WARN_EMPTY_BODY = YES;
				CLANG_WARN_ENUM_CONVERSION = YES;
				CLANG_WARN_INFINITE_RECURSION = YES;
				CLANG_WARN_INT_CONVERSION = YES;
				CLANG_WARN_NON_LITERAL_NULL_CONVERSION = YES;
				CLANG_WARN_OBJC_IMPLICIT_RETAIN_SELF = YES;
				CLANG_WARN_OBJC_LITERAL_CONVERSION = YES;
				CLANG_WARN_OBJC_ROOT_CLASS = YES_ERROR;
				CLANG_WARN_QUOTED_INCLUDE_IN_FRAMEWORK_HEADER = YES;
				CLANG_WARN_RANGE_LOOP_ANALYSIS = YES;
				CLANG_WARN_STRICT_PROTOTYPES = YES;
				CLANG_WARN_SUSPICIOUS_MOVE = YES;
				CLANG_WARN_UNGUARDED_AVAILABILITY = YES_AGGRESSIVE;
				CLANG_WARN_UNREACHABLE_CODE = YES;
				CLANG_WARN__DUPLICATE_METHOD_MATCH = YES;
				COPY_PHASE_STRIP = NO;
				DEBUG_INFORMATION_FORMAT = "dwarf-with-dsym";
				ENABLE_NS_ASSERTIONS = NO;
				ENABLE_STRICT_OBJC_MSGSEND = YES;
				ENABLE_USER_SCRIPT_SANDBOXING = YES;
				GCC_C_LANGUAGE_STANDARD = gnu17;
				GCC_NO_COMMON_BLOCKS = YES;
				GCC_WARN_64_TO_32_BIT_CONVERSION = YES;
				GCC_WARN_ABOUT_RETURN_TYPE = YES_ERROR;
				GCC_WARN_UNDECLARED_SELECTOR = YES;
				GCC_WARN_UNINITIALIZED_AUTOS = YES_AGGRESSIVE;
				GCC_WARN_UNUSED_FUNCTION = YES;
				GCC_WARN_UNUSED_VARIABLE = YES;
				IPHONEOS_DEPLOYMENT_TARGET = 17.0;
				LOCALIZATION_PREFERS_STRING_CATALOGS = YES;
				MTL_ENABLE_DEBUG_INFO = NO;
				MTL_FAST_MATH = YES;
				SDKROOT = iphoneos;
				SWIFT_COMPILATION_MODE = wholemodule;
				VALIDATE_PRODUCT = YES;
			};
			name = Release;
		};
		5F351FDC2BDA691D002C5FB3 /* Debug */ = {
			isa = XCBuildConfiguration;
			buildSettings = {
				ASSETCATALOG_COMPILER_APPICON_NAME = AppIcon;
				ASSETCATALOG_COMPILER_GLOBAL_ACCENT_COLOR_NAME = AccentColor;
				CODE_SIGN_STYLE = Automatic;
				CURRENT_PROJECT_VERSION = 1;
				DEVELOPMENT_ASSET_PATHS = "\"InABlink/Preview Content\"";
				DEVELOPMENT_TEAM = RHGD2V8746;
				ENABLE_PREVIEWS = YES;
				GENERATE_INFOPLIST_FILE = YES;
				INFOPLIST_FILE = InABlink/Info.plist;
				INFOPLIST_KEY_CFBundleDisplayName = InABlink;
				INFOPLIST_KEY_NSCameraUsageDescription = "Camera required for preview";
				INFOPLIST_KEY_UIApplicationSceneManifest_Generation = YES;
				INFOPLIST_KEY_UIApplicationSupportsIndirectInputEvents = YES;
				INFOPLIST_KEY_UILaunchScreen_Generation = YES;
				INFOPLIST_KEY_UISupportedInterfaceOrientations = UIInterfaceOrientationPortrait;
				IPHONEOS_DEPLOYMENT_TARGET = 17.0;
				LD_RUNPATH_SEARCH_PATHS = (
					"$(inherited)",
					"@executable_path/Frameworks",
				);
				MARKETING_VERSION = 1.0;
				PRODUCT_BUNDLE_IDENTIFIER = Test1.InABlink;
				PRODUCT_NAME = "$(TARGET_NAME)";
				SWIFT_EMIT_LOC_STRINGS = YES;
				SWIFT_VERSION = 5.0;
				TARGETED_DEVICE_FAMILY = "1,2";
			};
			name = Debug;
		};
		5F351FDD2BDA691D002C5FB3 /* Release */ = {
			isa = XCBuildConfiguration;
			buildSettings = {
				ASSETCATALOG_COMPILER_APPICON_NAME = AppIcon;
				ASSETCATALOG_COMPILER_GLOBAL_ACCENT_COLOR_NAME = AccentColor;
				CODE_SIGN_STYLE = Automatic;
				CURRENT_PROJECT_VERSION = 1;
				DEVELOPMENT_ASSET_PATHS = "\"InABlink/Preview Content\"";
				DEVELOPMENT_TEAM = RHGD2V8746;
				ENABLE_PREVIEWS = YES;
				GENERATE_INFOPLIST_FILE = YES;
				INFOPLIST_FILE = InABlink/Info.plist;
				INFOPLIST_KEY_CFBundleDisplayName = InABlink;
				INFOPLIST_KEY_NSCameraUsageDescription = "Camera required for preview";
				INFOPLIST_KEY_UIApplicationSceneManifest_Generation = YES;
				INFOPLIST_KEY_UIApplicationSupportsIndirectInputEvents = YES;
				INFOPLIST_KEY_UILaunchScreen_Generation = YES;
				INFOPLIST_KEY_UISupportedInterfaceOrientations = UIInterfaceOrientationPortrait;
				IPHONEOS_DEPLOYMENT_TARGET = 17.0;
				LD_RUNPATH_SEARCH_PATHS = (
					"$(inherited)",
					"@executable_path/Frameworks",
				);
				MARKETING_VERSION = 1.0;
				PRODUCT_BUNDLE_IDENTIFIER = Test1.InABlink;
				PRODUCT_NAME = "$(TARGET_NAME)";
				SWIFT_EMIT_LOC_STRINGS = YES;
				SWIFT_VERSION = 5.0;
				TARGETED_DEVICE_FAMILY = "1,2";
			};
			name = Release;
		};
/* End XCBuildConfiguration section */

/* Begin XCConfigurationList section */
		5F351FC82BDA691C002C5FB3 /* Build configuration list for PBXProject "InABlink" */ = {
			isa = XCConfigurationList;
			buildConfigurations = (
				5F351FD92BDA691D002C5FB3 /* Debug */,
				5F351FDA2BDA691D002C5FB3 /* Release */,
			);
			defaultConfigurationIsVisible = 0;
			defaultConfigurationName = Release;
		};
		5F351FDB2BDA691D002C5FB3 /* Build configuration list for PBXNativeTarget "InABlink" */ = {
			isa = XCConfigurationList;
			buildConfigurations = (
				5F351FDC2BDA691D002C5FB3 /* Debug */,
				5F351FDD2BDA691D002C5FB3 /* Release */,
			);
			defaultConfigurationIsVisible = 0;
			defaultConfigurationName = Release;
		};
/* End XCConfigurationList section */
	};
	rootObject = 5F351FC52BDA691C002C5FB3 /* Project object */;
}
